
Microsoft Visual Studio Solution File, Format Version 12.00
# Visual Studio Version 16
VisualStudioVersion = 16.0.29230.47
MinimumVisualStudioVersion = 15.0.26124.0
Project("{2150E333-8FDC-42A3-9474-1A3956D46DE8}") = "src", "src", "{F34A058E-AA44-47B1-B3CD-E576442F1710}"
EndProject
Project("{2150E333-8FDC-42A3-9474-1A3956D46DE8}") = "tests", "tests", "{406327C4-8D8D-450D-8ECC-95FDDA4C8BB5}"
EndProject
Project("{9A19103F-16F7-4668-BE54-9A1E7A4F7556}") = "Tools.Net.Cli.Driver", "src\Tools.Net.Cli.Driver\Tools.Net.Cli.Driver.csproj", "{C8ADEEE8-A8FC-4EB5-A98D-CEEFC0377040}"
EndProject
Project("{9A19103F-16F7-4668-BE54-9A1E7A4F7556}") = "Tools.Net.Mongo", "src\Tools.Net.Mongo\Tools.Net.Mongo.csproj", "{DF6F3767-5716-4532-9446-1BE6BE0A45DA}"
EndProject
Project("{9A19103F-16F7-4668-BE54-9A1E7A4F7556}") = "Tools.Net.Mongo.Core", "src\Tools.Net.Mongo.Core\Tools.Net.Mongo.Core.csproj", "{F907B6E4-07FC-4417-B2C6-883F44140722}"
EndProject
Project("{9A19103F-16F7-4668-BE54-9A1E7A4F7556}") = "Tools.Net.Mongo.Migrate", "src\Tools.Net.Mongo.Migrate\Tools.Net.Mongo.Migrate.csproj", "{76126762-3892-4FB0-A901-0B66C1ED52DB}"
EndProject
Project("{9A19103F-16F7-4668-BE54-9A1E7A4F7556}") = "Tools.Net.Mongo.Core.Test", "tests\Tools.Net.Mongo.Core.Test\Tools.Net.Mongo.Core.Test.csproj", "{0607F346-C85F-43A3-A6F1-FD8E56063301}"
EndProject
Project("{9A19103F-16F7-4668-BE54-9A1E7A4F7556}") = "Tool.Net.Cli.Driver.Test", "tests\Tool.Net.Cli.Driver.Test\Tool.Net.Cli.Driver.Test.csproj", "{7665F48D-A7D4-4FB8-B689-2F0034E2D48A}"
EndProject
Project("{FAE04EC0-301F-11D3-BF4B-00C04F79EFBC}") = "Tools.Net.Mongo.Migrate.Test", "tests\Tools.Net.Mongo.Migrate.Test\Tools.Net.Mongo.Migrate.Test.csproj", "{5CCA4AD1-1FBA-4AEB-8BEC-57AE1DEB5293}"
EndProject
Project("{2150E333-8FDC-42A3-9474-1A3956D46DE8}") = "Solution Items", "Solution Items", "{EFAB0401-4CB4-465A-BF56-ABE20C41B23F}"
EndProject
Project("{FAE04EC0-301F-11D3-BF4B-00C04F79EFBC}") = "Demo.App", "tests\Demo.App\Demo.App.csproj", "{FBE63628-47F2-4982-97A3-5DB2821C33EE}"
EndProject
Project("{FAE04EC0-301F-11D3-BF4B-00C04F79EFBC}") = "Tools.Net.Mongo.E2E.Test", "tests\Tools.Net.Mongo.E2E.Test\Tools.Net.Mongo.E2E.Test.csproj", "{A1B2C3D4-E5F6-7890-1234-567890ABCDEF}"
EndProject
Global
	GlobalSection(SolutionConfigurationPlatforms) = preSolution
		Debug|Any CPU = Debug|Any CPU
		Debug|x64 = Debug|x64
		Debug|x86 = Debug|x86
		Release|Any CPU = Release|Any CPU
		Release|x64 = Release|x64
		Release|x86 = Release|x86
	EndGlobalSection
	GlobalSection(ProjectConfigurationPlatforms) = postSolution
		{C8ADEEE8-A8FC-4EB5-A98D-CEEFC0377040}.Debug|Any CPU.ActiveCfg = Debug|Any CPU
		{C8ADEEE8-A8FC-4EB5-A98D-CEEFC0377040}.Debug|Any CPU.Build.0 = Debug|Any CPU
		{C8ADEEE8-A8FC-4EB5-A98D-CEEFC0377040}.Debug|x64.ActiveCfg = Debug|Any CPU
		{C8ADEEE8-A8FC-4EB5-A98D-CEEFC0377040}.Debug|x64.Build.0 = Debug|Any CPU
		{C8ADEEE8-A8FC-4EB5-A98D-CEEFC0377040}.Debug|x86.ActiveCfg = Debug|Any CPU
		{C8ADEEE8-A8FC-4EB5-A98D-CEEFC0377040}.Debug|x86.Build.0 = Debug|Any CPU
		{C8ADEEE8-A8FC-4EB5-A98D-CEEFC0377040}.Release|Any CPU.ActiveCfg = Release|Any CPU
		{C8ADEEE8-A8FC-4EB5-A98D-CEEFC0377040}.Release|Any CPU.Build.0 = Release|Any CPU
		{C8ADEEE8-A8FC-4EB5-A98D-CEEFC0377040}.Release|x64.ActiveCfg = Release|Any CPU
		{C8ADEEE8-A8FC-4EB5-A98D-CEEFC0377040}.Release|x64.Build.0 = Release|Any CPU
		{C8ADEEE8-A8FC-4EB5-A98D-CEEFC0377040}.Release|x86.ActiveCfg = Release|Any CPU
		{C8ADEEE8-A8FC-4EB5-A98D-CEEFC0377040}.Release|x86.Build.0 = Release|Any CPU
		{DF6F3767-5716-4532-9446-1BE6BE0A45DA}.Debug|Any CPU.ActiveCfg = Debug|Any CPU
		{DF6F3767-5716-4532-9446-1BE6BE0A45DA}.Debug|Any CPU.Build.0 = Debug|Any CPU
		{DF6F3767-5716-4532-9446-1BE6BE0A45DA}.Debug|x64.ActiveCfg = Debug|Any CPU
		{DF6F3767-5716-4532-9446-1BE6BE0A45DA}.Debug|x64.Build.0 = Debug|Any CPU
		{DF6F3767-5716-4532-9446-1BE6BE0A45DA}.Debug|x86.ActiveCfg = Debug|Any CPU
		{DF6F3767-5716-4532-9446-1BE6BE0A45DA}.Debug|x86.Build.0 = Debug|Any CPU
		{DF6F3767-5716-4532-9446-1BE6BE0A45DA}.Release|Any CPU.ActiveCfg = Release|Any CPU
		{DF6F3767-5716-4532-9446-1BE6BE0A45DA}.Release|Any CPU.Build.0 = Release|Any CPU
		{DF6F3767-5716-4532-9446-1BE6BE0A45DA}.Release|x64.ActiveCfg = Release|Any CPU
		{DF6F3767-5716-4532-9446-1BE6BE0A45DA}.Release|x64.Build.0 = Release|Any CPU
		{DF6F3767-5716-4532-9446-1BE6BE0A45DA}.Release|x86.ActiveCfg = Release|Any CPU
		{DF6F3767-5716-4532-9446-1BE6BE0A45DA}.Release|x86.Build.0 = Release|Any CPU
		{F907B6E4-07FC-4417-B2C6-883F44140722}.Debug|Any CPU.ActiveCfg = Debug|Any CPU
		{F907B6E4-07FC-4417-B2C6-883F44140722}.Debug|Any CPU.Build.0 = Debug|Any CPU
		{F907B6E4-07FC-4417-B2C6-883F44140722}.Debug|x64.ActiveCfg = Debug|Any CPU
		{F907B6E4-07FC-4417-B2C6-883F44140722}.Debug|x64.Build.0 = Debug|Any CPU
		{F907B6E4-07FC-4417-B2C6-883F44140722}.Debug|x86.ActiveCfg = Debug|Any CPU
		{F907B6E4-07FC-4417-B2C6-883F44140722}.Debug|x86.Build.0 = Debug|Any CPU
		{F907B6E4-07FC-4417-B2C6-883F44140722}.Release|Any CPU.ActiveCfg = Release|Any CPU
		{F907B6E4-07FC-4417-B2C6-883F44140722}.Release|Any CPU.Build.0 = Release|Any CPU
		{F907B6E4-07FC-4417-B2C6-883F44140722}.Release|x64.ActiveCfg = Release|Any CPU
		{F907B6E4-07FC-4417-B2C6-883F44140722}.Release|x64.Build.0 = Release|Any CPU
		{F907B6E4-07FC-4417-B2C6-883F44140722}.Release|x86.ActiveCfg = Release|Any CPU
		{F907B6E4-07FC-4417-B2C6-883F44140722}.Release|x86.Build.0 = Release|Any CPU
		{76126762-3892-4FB0-A901-0B66C1ED52DB}.Debug|Any CPU.ActiveCfg = Debug|Any CPU
		{76126762-3892-4FB0-A901-0B66C1ED52DB}.Debug|Any CPU.Build.0 = Debug|Any CPU
		{76126762-3892-4FB0-A901-0B66C1ED52DB}.Debug|x64.ActiveCfg = Debug|Any CPU
		{76126762-3892-4FB0-A901-0B66C1ED52DB}.Debug|x64.Build.0 = Debug|Any CPU
		{76126762-3892-4FB0-A901-0B66C1ED52DB}.Debug|x86.ActiveCfg = Debug|Any CPU
		{76126762-3892-4FB0-A901-0B66C1ED52DB}.Debug|x86.Build.0 = Debug|Any CPU
		{76126762-3892-4FB0-A901-0B66C1ED52DB}.Release|Any CPU.ActiveCfg = Release|Any CPU
		{76126762-3892-4FB0-A901-0B66C1ED52DB}.Release|Any CPU.Build.0 = Release|Any CPU
		{76126762-3892-4FB0-A901-0B66C1ED52DB}.Release|x64.ActiveCfg = Release|Any CPU
		{76126762-3892-4FB0-A901-0B66C1ED52DB}.Release|x64.Build.0 = Release|Any CPU
		{76126762-3892-4FB0-A901-0B66C1ED52DB}.Release|x86.ActiveCfg = Release|Any CPU
		{76126762-3892-4FB0-A901-0B66C1ED52DB}.Release|x86.Build.0 = Release|Any CPU
		{0607F346-C85F-43A3-A6F1-FD8E56063301}.Debug|Any CPU.ActiveCfg = Debug|Any CPU
		{0607F346-C85F-43A3-A6F1-FD8E56063301}.Debug|Any CPU.Build.0 = Debug|Any CPU
		{0607F346-C85F-43A3-A6F1-FD8E56063301}.Debug|x64.ActiveCfg = Debug|Any CPU
		{0607F346-C85F-43A3-A6F1-FD8E56063301}.Debug|x64.Build.0 = Debug|Any CPU
		{0607F346-C85F-43A3-A6F1-FD8E56063301}.Debug|x86.ActiveCfg = Debug|Any CPU
		{0607F346-C85F-43A3-A6F1-FD8E56063301}.Debug|x86.Build.0 = Debug|Any CPU
		{0607F346-C85F-43A3-A6F1-FD8E56063301}.Release|Any CPU.ActiveCfg = Release|Any CPU
		{0607F346-C85F-43A3-A6F1-FD8E56063301}.Release|Any CPU.Build.0 = Release|Any CPU
		{0607F346-C85F-43A3-A6F1-FD8E56063301}.Release|x64.ActiveCfg = Release|Any CPU
		{0607F346-C85F-43A3-A6F1-FD8E56063301}.Release|x64.Build.0 = Release|Any CPU
		{0607F346-C85F-43A3-A6F1-FD8E56063301}.Release|x86.ActiveCfg = Release|Any CPU
		{0607F346-C85F-43A3-A6F1-FD8E56063301}.Release|x86.Build.0 = Release|Any CPU
		{7665F48D-A7D4-4FB8-B689-2F0034E2D48A}.Debug|Any CPU.ActiveCfg = Debug|Any CPU
		{7665F48D-A7D4-4FB8-B689-2F0034E2D48A}.Debug|Any CPU.Build.0 = Debug|Any CPU
		{7665F48D-A7D4-4FB8-B689-2F0034E2D48A}.Debug|x64.ActiveCfg = Debug|Any CPU
		{7665F48D-A7D4-4FB8-B689-2F0034E2D48A}.Debug|x64.Build.0 = Debug|Any CPU
		{7665F48D-A7D4-4FB8-B689-2F0034E2D48A}.Debug|x86.ActiveCfg = Debug|Any CPU
		{7665F48D-A7D4-4FB8-B689-2F0034E2D48A}.Debug|x86.Build.0 = Debug|Any CPU
		{7665F48D-A7D4-4FB8-B689-2F0034E2D48A}.Release|Any CPU.ActiveCfg = Release|Any CPU
		{7665F48D-A7D4-4FB8-B689-2F0034E2D48A}.Release|Any CPU.Build.0 = Release|Any CPU
		{7665F48D-A7D4-4FB8-B689-2F0034E2D48A}.Release|x64.ActiveCfg = Release|Any CPU
		{7665F48D-A7D4-4FB8-B689-2F0034E2D48A}.Release|x64.Build.0 = Release|Any CPU
		{7665F48D-A7D4-4FB8-B689-2F0034E2D48A}.Release|x86.ActiveCfg = Release|Any CPU
		{7665F48D-A7D4-4FB8-B689-2F0034E2D48A}.Release|x86.Build.0 = Release|Any CPU
		{5CCA4AD1-1FBA-4AEB-8BEC-57AE1DEB5293}.Debug|Any CPU.ActiveCfg = Debug|Any CPU
		{5CCA4AD1-1FBA-4AEB-8BEC-57AE1DEB5293}.Debug|Any CPU.Build.0 = Debug|Any CPU
		{5CCA4AD1-1FBA-4AEB-8BEC-57AE1DEB5293}.Debug|x64.ActiveCfg = Debug|Any CPU
		{5CCA4AD1-1FBA-4AEB-8BEC-57AE1DEB5293}.Debug|x64.Build.0 = Debug|Any CPU
		{5CCA4AD1-1FBA-4AEB-8BEC-57AE1DEB5293}.Debug|x86.ActiveCfg = Debug|Any CPU
		{5CCA4AD1-1FBA-4AEB-8BEC-57AE1DEB5293}.Debug|x86.Build.0 = Debug|Any CPU
		{5CCA4AD1-1FBA-4AEB-8BEC-57AE1DEB5293}.Release|Any CPU.ActiveCfg = Release|Any CPU
		{5CCA4AD1-1FBA-4AEB-8BEC-57AE1DEB5293}.Release|Any CPU.Build.0 = Release|Any CPU
		{5CCA4AD1-1FBA-4AEB-8BEC-57AE1DEB5293}.Release|x64.ActiveCfg = Release|Any CPU
		{5CCA4AD1-1FBA-4AEB-8BEC-57AE1DEB5293}.Release|x64.Build.0 = Release|Any CPU
		{5CCA4AD1-1FBA-4AEB-8BEC-57AE1DEB5293}.Release|x86.ActiveCfg = Release|Any CPU
		{5CCA4AD1-1FBA-4AEB-8BEC-57AE1DEB5293}.Release|x86.Build.0 = Release|Any CPU
		{FBE63628-47F2-4982-97A3-5DB2821C33EE}.Debug|Any CPU.ActiveCfg = Debug|Any CPU
		{FBE63628-47F2-4982-97A3-5DB2821C33EE}.Debug|Any CPU.Build.0 = Debug|Any CPU
		{FBE63628-47F2-4982-97A3-5DB2821C33EE}.Debug|x64.ActiveCfg = Debug|Any CPU
		{FBE63628-47F2-4982-97A3-5DB2821C33EE}.Debug|x64.Build.0 = Debug|Any CPU
		{FBE63628-47F2-4982-97A3-5DB2821C33EE}.Debug|x86.ActiveCfg = Debug|Any CPU
		{FBE63628-47F2-4982-97A3-5DB2821C33EE}.Debug|x86.Build.0 = Debug|Any CPU
		{FBE63628-47F2-4982-97A3-5DB2821C33EE}.Release|Any CPU.ActiveCfg = Release|Any CPU
		{FBE63628-47F2-4982-97A3-5DB2821C33EE}.Release|Any CPU.Build.0 = Release|Any CPU
		{FBE63628-47F2-4982-97A3-5DB2821C33EE}.Release|x64.ActiveCfg = Release|Any CPU
		{FBE63628-47F2-4982-97A3-5DB2821C33EE}.Release|x64.Build.0 = Release|Any CPU
		{FBE63628-47F2-4982-97A3-5DB2821C33EE}.Release|x86.ActiveCfg = Release|Any CPU
		{FBE63628-47F2-4982-97A3-5DB2821C33EE}.Release|x86.Build.0 = Release|Any CPU
		{A1B2C3D4-E5F6-7890-1234-567890ABCDEF}.Debug|Any CPU.ActiveCfg = Debug|Any CPU
		{A1B2C3D4-E5F6-7890-1234-567890ABCDEF}.Debug|Any CPU.Build.0 = Debug|Any CPU
		{A1B2C3D4-E5F6-7890-1234-567890ABCDEF}.Debug|x64.ActiveCfg = Debug|Any CPU
		{A1B2C3D4-E5F6-7890-1234-567890ABCDEF}.Debug|x64.Build.0 = Debug|Any CPU
		{A1B2C3D4-E5F6-7890-1234-567890ABCDEF}.Debug|x86.ActiveCfg = Debug|Any CPU
		{A1B2C3D4-E5F6-7890-1234-567890ABCDEF}.Debug|x86.Build.0 = Debug|Any CPU
		{A1B2C3D4-E5F6-7890-1234-567890ABCDEF}.Release|Any CPU.ActiveCfg = Release|Any CPU
		{A1B2C3D4-E5F6-7890-1234-567890ABCDEF}.Release|Any CPU.Build.0 = Release|Any CPU
		{A1B2C3D4-E5F6-7890-1234-567890ABCDEF}.Release|x64.ActiveCfg = Release|Any CPU
		{A1B2C3D4-E5F6-7890-1234-567890ABCDEF}.Release|x64.Build.0 = Release|Any CPU
		{A1B2C3D4-E5F6-7890-1234-567890ABCDEF}.Release|x86.ActiveCfg = Release|Any CPU
		{A1B2C3D4-E5F6-7890-1234-567890ABCDEF}.Release|x86.Build.0 = Release|Any CPU
	EndGlobalSection
	GlobalSection(SolutionProperties) = preSolution
		HideSolutionNode = FALSE
	EndGlobalSection
	GlobalSection(NestedProjects) = preSolution
		{C8ADEEE8-A8FC-4EB5-A98D-CEEFC0377040} = {F34A058E-AA44-47B1-B3CD-E576442F1710}
		{DF6F3767-5716-4532-9446-1BE6BE0A45DA} = {F34A058E-AA44-47B1-B3CD-E576442F1710}
		{F907B6E4-07FC-4417-B2C6-883F44140722} = {F34A058E-AA44-47B1-B3CD-E576442F1710}
		{76126762-3892-4FB0-A901-0B66C1ED52DB} = {F34A058E-AA44-47B1-B3CD-E576442F1710}
		{0607F346-C85F-43A3-A6F1-FD8E56063301} = {406327C4-8D8D-450D-8ECC-95FDDA4C8BB5}
		{7665F48D-A7D4-4FB8-B689-2F0034E2D48A} = {406327C4-8D8D-450D-8ECC-95FDDA4C8BB5}
		{5CCA4AD1-1FBA-4AEB-8BEC-57AE1DEB5293} = {406327C4-8D8D-450D-8ECC-95FDDA4C8BB5}
		{FBE63628-47F2-4982-97A3-5DB2821C33EE} = {406327C4-8D8D-450D-8ECC-95FDDA4C8BB5}
		{A1B2C3D4-E5F6-7890-1234-567890ABCDEF} = {406327C4-8D8D-450D-8ECC-95FDDA4C8BB5}
	EndGlobalSection
	GlobalSection(ExtensibilityGlobals) = postSolution
		SolutionGuid = {FA94093C-46B8-4BAA-BF4B-61B8939037AF}
	EndGlobalSection
EndGlobal
